
Microsoft Visual Studio Solution File, Format Version 12.00
# Visual Studio Version 17
VisualStudioVersion = 17.10.35013.160
MinimumVisualStudioVersion = 10.0.40219.1
Project("{FAE04EC0-301F-11D3-BF4B-00C04F79EFBC}") = "CLRTrading", "CLRTrading.csproj", "{9380427E-87DB-4252-8458-6F360516D15F}"
EndProject
Global
	GlobalSection(SolutionConfigurationPlatforms) = preSolution
		Debug|Any CPU = Debug|Any CPU
		Release|Any CPU = Release|Any CPU
	EndGlobalSection
	GlobalSection(ProjectConfigurationPlatforms) = postSolution
		{9380427E-87DB-4252-8458-6F360516D15F}.Debug|Any CPU.ActiveCfg = Debug|Any CPU
		{9380427E-87DB-4252-8458-6F360516D15F}.Debug|Any CPU.Build.0 = Debug|Any CPU
		{9380427E-87DB-4252-8458-6F360516D15F}.Release|Any CPU.ActiveCfg = Release|Any CPU
		{9380427E-87DB-4252-8458-6F360516D15F}.Release|Any CPU.Build.0 = Release|Any CPU
	EndGlobalSection
	GlobalSection(SolutionProperties) = preSolution
		HideSolutionNode = FALSE
	EndGlobalSection
	GlobalSection(ExtensibilityGlobals) = postSolution
		SolutionGuid = {5A87D4F6-9DE5-4081-B640-BBAC412AACD9}
	EndGlobalSection
EndGlobal
